Microsoft Visual Studio Solution File, Format Version 11.00
# Visual Studio 2008

Project("{A38020D0-5BBE-AD17-A59A-CE704C024560}") = "Roll-a-Ball + Multiplayer", "Assembly-CSharp.csproj", "{11AC3D18-FD4B-A8BB-80CE-9486D6F8EA0C}"
EndProject
Global
	GlobalSection(SolutionConfigurationPlatforms) = preSolution
		Debug|Any CPU = Debug|Any CPU
		Release|Any CPU = Release|Any CPU
	EndGlobalSection
	GlobalSection(ProjectConfigurationPlatforms) = postSolution
		{11AC3D18-FD4B-A8BB-80CE-9486D6F8EA0C}.Debug|Any CPU.ActiveCfg = Debug|Any CPU
		{11AC3D18-FD4B-A8BB-80CE-9486D6F8EA0C}.Debug|Any CPU.Build.0 = Debug|Any CPU
		{11AC3D18-FD4B-A8BB-80CE-9486D6F8EA0C}.Release|Any CPU.ActiveCfg = Release|Any CPU
		{11AC3D18-FD4B-A8BB-80CE-9486D6F8EA0C}.Release|Any CPU.Build.0 = Release|Any CPU
	EndGlobalSection
	GlobalSection(SolutionProperties) = preSolution
		HideSolutionNode = FALSE
	EndGlobalSection
	GlobalSection(MonoDevelopProperties) = preSolution
		StartupItem = Assembly-CSharp.csproj
	EndGlobalSection
EndGlobal
